
Microsoft Visual Studio Solution File, Format Version 12.00
# Visual Studio 15
VisualStudioVersion = 15.0.27130.2026
MinimumVisualStudioVersion = 10.0.40219.1
Project("{8BC9CEB8-8B4A-11D0-8D11-00A0C91BC942}") = "01-PrimerVentana", "01-PrimerVentana\01-PrimerVentana.vcxproj", "{2370490E-B8A1-465E-AB5D-A1A55D5965D1}"
EndProject
Project("{8BC9CEB8-8B4A-11D0-8D11-00A0C91BC942}") = "02-Primitivas", "02-Primitivas\02-Primitivas.vcxproj", "{E33C7028-529D-42F5-9152-DB8DADD31BBD}"
EndProject
Project("{8BC9CEB8-8B4A-11D0-8D11-00A0C91BC942}") = "03-Redimensionar", "03-Redimensionar\03-Redimensionar.vcxproj", "{8F7A54E4-C0E3-4565-9E77-D32716C12C65}"
EndProject
Project("{8BC9CEB8-8B4A-11D0-8D11-00A0C91BC942}") = "04-Teclado", "04-Teclado\04-Teclado.vcxproj", "{BCB15CA7-04EE-4DA7-B8DD-C3AFB4D91729}"
EndProject
Project("{8BC9CEB8-8B4A-11D0-8D11-00A0C91BC942}") = "05-Mouse", "05-Mouse\05-Mouse.vcxproj", "{47D5C142-B913-486F-973D-B54C42300E36}"
EndProject
Project("{8BC9CEB8-8B4A-11D0-8D11-00A0C91BC942}") = "06-Color", "06-Color\06-Color.vcxproj", "{1F9CFFFE-3D47-446B-8C1A-DF223A0811CE}"
EndProject
Project("{8BC9CEB8-8B4A-11D0-8D11-00A0C91BC942}") = "07-Rotacion", "07-Rotacion\07-Rotacion.vcxproj", "{4A5C2E4B-36D9-410B-9950-4D735CA18422}"
EndProject
Project("{8BC9CEB8-8B4A-11D0-8D11-00A0C91BC942}") = "08-Transformaciones", "08-Transformaciones\08-Transformaciones.vcxproj", "{CA5A06CD-3BBD-430E-BE7C-A71F55788126}"
EndProject
Global
	GlobalSection(SolutionConfigurationPlatforms) = preSolution
		Debug|x64 = Debug|x64
		Debug|x86 = Debug|x86
		Release|x64 = Release|x64
		Release|x86 = Release|x86
	EndGlobalSection
	GlobalSection(ProjectConfigurationPlatforms) = postSolution
		{2370490E-B8A1-465E-AB5D-A1A55D5965D1}.Debug|x64.ActiveCfg = Debug|x64
		{2370490E-B8A1-465E-AB5D-A1A55D5965D1}.Debug|x64.Build.0 = Debug|x64
		{2370490E-B8A1-465E-AB5D-A1A55D5965D1}.Debug|x86.ActiveCfg = Debug|Win32
		{2370490E-B8A1-465E-AB5D-A1A55D5965D1}.Debug|x86.Build.0 = Debug|Win32
		{2370490E-B8A1-465E-AB5D-A1A55D5965D1}.Release|x64.ActiveCfg = Release|x64
		{2370490E-B8A1-465E-AB5D-A1A55D5965D1}.Release|x64.Build.0 = Release|x64
		{2370490E-B8A1-465E-AB5D-A1A55D5965D1}.Release|x86.ActiveCfg = Release|Win32
		{2370490E-B8A1-465E-AB5D-A1A55D5965D1}.Release|x86.Build.0 = Release|Win32
		{E33C7028-529D-42F5-9152-DB8DADD31BBD}.Debug|x64.ActiveCfg = Debug|x64
		{E33C7028-529D-42F5-9152-DB8DADD31BBD}.Debug|x64.Build.0 = Debug|x64
		{E33C7028-529D-42F5-9152-DB8DADD31BBD}.Debug|x86.ActiveCfg = Debug|Win32
		{E33C7028-529D-42F5-9152-DB8DADD31BBD}.Debug|x86.Build.0 = Debug|Win32
		{E33C7028-529D-42F5-9152-DB8DADD31BBD}.Release|x64.ActiveCfg = Release|x64
		{E33C7028-529D-42F5-9152-DB8DADD31BBD}.Release|x64.Build.0 = Release|x64
		{E33C7028-529D-42F5-9152-DB8DADD31BBD}.Release|x86.ActiveCfg = Release|Win32
		{E33C7028-529D-42F5-9152-DB8DADD31BBD}.Release|x86.Build.0 = Release|Win32
		{8F7A54E4-C0E3-4565-9E77-D32716C12C65}.Debug|x64.ActiveCfg = Debug|x64
		{8F7A54E4-C0E3-4565-9E77-D32716C12C65}.Debug|x64.Build.0 = Debug|x64
		{8F7A54E4-C0E3-4565-9E77-D32716C12C65}.Debug|x86.ActiveCfg = Debug|Win32
		{8F7A54E4-C0E3-4565-9E77-D32716C12C65}.Debug|x86.Build.0 = Debug|Win32
		{8F7A54E4-C0E3-4565-9E77-D32716C12C65}.Release|x64.ActiveCfg = Release|x64
		{8F7A54E4-C0E3-4565-9E77-D32716C12C65}.Release|x64.Build.0 = Release|x64
		{8F7A54E4-C0E3-4565-9E77-D32716C12C65}.Release|x86.ActiveCfg = Release|Win32
		{8F7A54E4-C0E3-4565-9E77-D32716C12C65}.Release|x86.Build.0 = Release|Win32
		{BCB15CA7-04EE-4DA7-B8DD-C3AFB4D91729}.Debug|x64.ActiveCfg = Debug|x64
		{BCB15CA7-04EE-4DA7-B8DD-C3AFB4D91729}.Debug|x64.Build.0 = Debug|x64
		{BCB15CA7-04EE-4DA7-B8DD-C3AFB4D91729}.Debug|x86.ActiveCfg = Debug|Win32
		{BCB15CA7-04EE-4DA7-B8DD-C3AFB4D91729}.Debug|x86.Build.0 = Debug|Win32
		{BCB15CA7-04EE-4DA7-B8DD-C3AFB4D91729}.Release|x64.ActiveCfg = Release|x64
		{BCB15CA7-04EE-4DA7-B8DD-C3AFB4D91729}.Release|x64.Build.0 = Release|x64
		{BCB15CA7-04EE-4DA7-B8DD-C3AFB4D91729}.Release|x86.ActiveCfg = Release|Win32
		{BCB15CA7-04EE-4DA7-B8DD-C3AFB4D91729}.Release|x86.Build.0 = Release|Win32
		{47D5C142-B913-486F-973D-B54C42300E36}.Debug|x64.ActiveCfg = Debug|x64
		{47D5C142-B913-486F-973D-B54C42300E36}.Debug|x64.Build.0 = Debug|x64
		{47D5C142-B913-486F-973D-B54C42300E36}.Debug|x86.ActiveCfg = Debug|Win32
		{47D5C142-B913-486F-973D-B54C42300E36}.Debug|x86.Build.0 = Debug|Win32
		{47D5C142-B913-486F-973D-B54C42300E36}.Release|x64.ActiveCfg = Release|x64
		{47D5C142-B913-486F-973D-B54C42300E36}.Release|x64.Build.0 = Release|x64
		{47D5C142-B913-486F-973D-B54C42300E36}.Release|x86.ActiveCfg = Release|Win32
		{47D5C142-B913-486F-973D-B54C42300E36}.Release|x86.Build.0 = Release|Win32
		{1F9CFFFE-3D47-446B-8C1A-DF223A0811CE}.Debug|x64.ActiveCfg = Debug|x64
		{1F9CFFFE-3D47-446B-8C1A-DF223A0811CE}.Debug|x64.Build.0 = Debug|x64
		{1F9CFFFE-3D47-446B-8C1A-DF223A0811CE}.Debug|x86.ActiveCfg = Debug|Win32
		{1F9CFFFE-3D47-446B-8C1A-DF223A0811CE}.Debug|x86.Build.0 = Debug|Win32
		{1F9CFFFE-3D47-446B-8C1A-DF223A0811CE}.Release|x64.ActiveCfg = Release|x64
		{1F9CFFFE-3D47-446B-8C1A-DF223A0811CE}.Release|x64.Build.0 = Release|x64
		{1F9CFFFE-3D47-446B-8C1A-DF223A0811CE}.Release|x86.ActiveCfg = Release|Win32
		{1F9CFFFE-3D47-446B-8C1A-DF223A0811CE}.Release|x86.Build.0 = Release|Win32
		{4A5C2E4B-36D9-410B-9950-4D735CA18422}.Debug|x64.ActiveCfg = Debug|x64
		{4A5C2E4B-36D9-410B-9950-4D735CA18422}.Debug|x64.Build.0 = Debug|x64
		{4A5C2E4B-36D9-410B-9950-4D735CA18422}.Debug|x86.ActiveCfg = Debug|Win32
		{4A5C2E4B-36D9-410B-9950-4D735CA18422}.Debug|x86.Build.0 = Debug|Win32
		{4A5C2E4B-36D9-410B-9950-4D735CA18422}.Release|x64.ActiveCfg = Release|x64
		{4A5C2E4B-36D9-410B-9950-4D735CA18422}.Release|x64.Build.0 = Release|x64
		{4A5C2E4B-36D9-410B-9950-4D735CA18422}.Release|x86.ActiveCfg = Release|Win32
		{4A5C2E4B-36D9-410B-9950-4D735CA18422}.Release|x86.Build.0 = Release|Win32
		{CA5A06CD-3BBD-430E-BE7C-A71F55788126}.Debug|x64.ActiveCfg = Debug|x64
		{CA5A06CD-3BBD-430E-BE7C-A71F55788126}.Debug|x64.Build.0 = Debug|x64
		{CA5A06CD-3BBD-430E-BE7C-A71F55788126}.Debug|x86.ActiveCfg = Debug|Win32
		{CA5A06CD-3BBD-430E-BE7C-A71F55788126}.Debug|x86.Build.0 = Debug|Win32
		{CA5A06CD-3BBD-430E-BE7C-A71F55788126}.Release|x64.ActiveCfg = Release|x64
		{CA5A06CD-3BBD-430E-BE7C-A71F55788126}.Release|x64.Build.0 = Release|x64
		{CA5A06CD-3BBD-430E-BE7C-A71F55788126}.Release|x86.ActiveCfg = Release|Win32
		{CA5A06CD-3BBD-430E-BE7C-A71F55788126}.Release|x86.Build.0 = Release|Win32
	EndGlobalSection
	GlobalSection(SolutionProperties) = preSolution
		HideSolutionNode = FALSE
	EndGlobalSection
	GlobalSection(ExtensibilityGlobals) = postSolution
		SolutionGuid = {E13C2333-9B00-437A-A421-BB3F49E93025}
	EndGlobalSection
EndGlobal
